// !$*UTF8*$!
{
	archiveVersion = 1;
	classes = {
	};
	objectVersion = 55;
	objects = {

/* Begin PBXBuildFile section */
		4E7A691B9A634E718AA9D1CD /* Pods_MarvelRxTests.framework in Frameworks */ = {isa = PBXBuildFile; fileRef = ACB2151A18F2099A517891C9 /* Pods_MarvelRxTests.framework */; };
		B2AB8ECEBD9AA470336B0D5F /* Pods_MarvelRx.framework in Frameworks */ = {isa = PBXBuildFile; fileRef = 2F275D9C212E3951443086BC /* Pods_MarvelRx.framework */; };
		BB04C0E5275F898D00F2E3F8 /* Characters.swift in Sources */ = {isa = PBXBuildFile; fileRef = BB04C0E4275F898D00F2E3F8 /* Characters.swift */; };
		BB151F0227620F4700F4623E /* CharactersCoordinator.swift in Sources */ = {isa = PBXBuildFile; fileRef = BB151F0127620F4700F4623E /* CharactersCoordinator.swift */; };
		BB151F042762103200F4623E /* AppCoordinator.swift in Sources */ = {isa = PBXBuildFile; fileRef = BB151F032762103200F4623E /* AppCoordinator.swift */; };
		BB151F072763A3CF00F4623E /* CharactersDetailCoordinator.swift in Sources */ = {isa = PBXBuildFile; fileRef = BB151F062763A3CF00F4623E /* CharactersDetailCoordinator.swift */; };
		BB151F092763A3FB00F4623E /* CharactersDetailViewController.swift in Sources */ = {isa = PBXBuildFile; fileRef = BB151F082763A3FA00F4623E /* CharactersDetailViewController.swift */; };
		BB151F0C2763A45F00F4623E /* CharactersDetailViewController.xib in Resources */ = {isa = PBXBuildFile; fileRef = BB151F0B2763A45F00F4623E /* CharactersDetailViewController.xib */; };
		BB151F132764F25600F4623E /* SeriesViewController.swift in Sources */ = {isa = PBXBuildFile; fileRef = BB151F122764F25600F4623E /* SeriesViewController.swift */; };
		BB151F152764F26000F4623E /* SeriesViewController.xib in Resources */ = {isa = PBXBuildFile; fileRef = BB151F142764F26000F4623E /* SeriesViewController.xib */; };
		BB151F172764F39C00F4623E /* SeriesCell.xib in Resources */ = {isa = PBXBuildFile; fileRef = BB151F162764F39C00F4623E /* SeriesCell.xib */; };
		BB151F192764F3BA00F4623E /* SeriesCell.swift in Sources */ = {isa = PBXBuildFile; fileRef = BB151F182764F3BA00F4623E /* SeriesCell.swift */; };
		BB151F1B276654BB00F4623E /* SeriesService.swift in Sources */ = {isa = PBXBuildFile; fileRef = BB151F1A276654BB00F4623E /* SeriesService.swift */; };
		BB151F1D2766559C00F4623E /* SeriesViewModel.swift in Sources */ = {isa = PBXBuildFile; fileRef = BB151F1C2766559C00F4623E /* SeriesViewModel.swift */; };
		BB151F212766597900F4623E /* SeriesCoordinator.swift in Sources */ = {isa = PBXBuildFile; fileRef = BB151F202766597900F4623E /* SeriesCoordinator.swift */; };
		BB151F262767700E00F4623E /* LoadingCircle.swift in Sources */ = {isa = PBXBuildFile; fileRef = BB151F252767700E00F4623E /* LoadingCircle.swift */; };
		BB7BCCA82758F90E0049338E /* AppDelegate.swift in Sources */ = {isa = PBXBuildFile; fileRef = BB7BCCA72758F90E0049338E /* AppDelegate.swift */; };
		BB7BCCAA2758F90E0049338E /* SceneDelegate.swift in Sources */ = {isa = PBXBuildFile; fileRef = BB7BCCA92758F90E0049338E /* SceneDelegate.swift */; };
		BB7BCCB12758F9120049338E /* Assets.xcassets in Resources */ = {isa = PBXBuildFile; fileRef = BB7BCCB02758F9120049338E /* Assets.xcassets */; };
		BB7BCCB42758F9120049338E /* LaunchScreen.storyboard in Resources */ = {isa = PBXBuildFile; fileRef = BB7BCCB22758F9120049338E /* LaunchScreen.storyboard */; };
		BB7BCCBF2758F9120049338E /* MarvelRxTests.swift in Sources */ = {isa = PBXBuildFile; fileRef = BB7BCCBE2758F9120049338E /* MarvelRxTests.swift */; };
		BB7BCCC92758F9120049338E /* MarvelRxUITests.swift in Sources */ = {isa = PBXBuildFile; fileRef = BB7BCCC82758F9120049338E /* MarvelRxUITests.swift */; };
		BB7BCCCB2758F9120049338E /* MarvelRxUITestsLaunchTests.swift in Sources */ = {isa = PBXBuildFile; fileRef = BB7BCCCA2758F9120049338E /* MarvelRxUITestsLaunchTests.swift */; };
		BBAA152D275F9C0700108087 /* Constants.swift in Sources */ = {isa = PBXBuildFile; fileRef = BBAA152C275F9C0700108087 /* Constants.swift */; };
		BBAA152F275F9C2900108087 /* APiClient.swift in Sources */ = {isa = PBXBuildFile; fileRef = BBAA152E275F9C2900108087 /* APiClient.swift */; };
		BBAA1533275F9CF900108087 /* ApiManager.swift in Sources */ = {isa = PBXBuildFile; fileRef = BBAA1532275F9CF900108087 /* ApiManager.swift */; };
		BBAA1535275FA29500108087 /* CharactersViewModel.swift in Sources */ = {isa = PBXBuildFile; fileRef = BBAA1534275FA29500108087 /* CharactersViewModel.swift */; };
		BBAA1537275FA2F600108087 /* CharactersService.swift in Sources */ = {isa = PBXBuildFile; fileRef = BBAA1536275FA2F600108087 /* CharactersService.swift */; };
		BBAA1539275FB56300108087 /* CharactersViewController.swift in Sources */ = {isa = PBXBuildFile; fileRef = BBAA1538275FB56300108087 /* CharactersViewController.swift */; };
		BBAA153B275FB5A500108087 /* CharactersViewController.xib in Resources */ = {isa = PBXBuildFile; fileRef = BBAA153A275FB5A500108087 /* CharactersViewController.xib */; };
		BBAA153F275FB7F000108087 /* CharactersCell.xib in Resources */ = {isa = PBXBuildFile; fileRef = BBAA153E275FB7F000108087 /* CharactersCell.xib */; };
		BBAA1541275FB80000108087 /* CharactersCell.swift in Sources */ = {isa = PBXBuildFile; fileRef = BBAA1540275FB80000108087 /* CharactersCell.swift */; };
		BBAA1543275FB8DB00108087 /* CharacterViewModel.swift in Sources */ = {isa = PBXBuildFile; fileRef = BBAA1542275FB8DB00108087 /* CharacterViewModel.swift */; };
		BBB63ECC276FF27700CCEAF3 /* SeriesDetailCoordinator.swift in Sources */ = {isa = PBXBuildFile; fileRef = BBB63ECB276FF27700CCEAF3 /* SeriesDetailCoordinator.swift */; };
		BBB63ECE276FF34600CCEAF3 /* SeriesDetailViewController.swift in Sources */ = {isa = PBXBuildFile; fileRef = BBB63ECD276FF34600CCEAF3 /* SeriesDetailViewController.swift */; };
		BBB63ED0276FF59600CCEAF3 /* SeriesDetailViewController.xib in Resources */ = {isa = PBXBuildFile; fileRef = BBB63ECF276FF59600CCEAF3 /* SeriesDetailViewController.xib */; };
		BBB63ED92770BC8000CCEAF3 /* TabBarCoordinator.swift in Sources */ = {isa = PBXBuildFile; fileRef = BBB63ED82770BC8000CCEAF3 /* TabBarCoordinator.swift */; };
		BBB63EDB2770BC8A00CCEAF3 /* TabBarViewController.swift in Sources */ = {isa = PBXBuildFile; fileRef = BBB63EDA2770BC8A00CCEAF3 /* TabBarViewController.swift */; };
		BBE85208276F95BC002E72F2 /* CharactersDetailCell.swift in Sources */ = {isa = PBXBuildFile; fileRef = BBE85207276F95BC002E72F2 /* CharactersDetailCell.swift */; };
		BBE8520A276F95C9002E72F2 /* CharactersDetailCell.xib in Resources */ = {isa = PBXBuildFile; fileRef = BBE85209276F95C9002E72F2 /* CharactersDetailCell.xib */; };
		CDE6B79A8CF309D7361912EF /* Pods_MarvelRx_MarvelRxUITests.framework in Frameworks */ = {isa = PBXBuildFile; fileRef = 24CA464795AC103920A8CC15 /* Pods_MarvelRx_MarvelRxUITests.framework */; };
/* End PBXBuildFile section */

/* Begin PBXContainerItemProxy section */
		BB7BCCBB2758F9120049338E /* PBXContainerItemProxy */ = {
			isa = PBXContainerItemProxy;
			containerPortal = BB7BCC9C2758F90E0049338E /* Project object */;
			proxyType = 1;
			remoteGlobalIDString = BB7BCCA32758F90E0049338E;
			remoteInfo = MarvelRx;
		};
		BB7BCCC52758F9120049338E /* PBXContainerItemProxy */ = {
			isa = PBXContainerItemProxy;
			containerPortal = BB7BCC9C2758F90E0049338E /* Project object */;
			proxyType = 1;
			remoteGlobalIDString = BB7BCCA32758F90E0049338E;
			remoteInfo = MarvelRx;
		};
/* End PBXContainerItemProxy section */

/* Begin PBXFileReference section */
		03B9FBF9A2B68FD6C70EB878 /* Pods-MarvelRx-MarvelRxUITests.release.xcconfig */ = {isa = PBXFileReference; includeInIndex = 1; lastKnownFileType = text.xcconfig; name = "Pods-MarvelRx-MarvelRxUITests.release.xcconfig"; path = "Target Support Files/Pods-MarvelRx-MarvelRxUITests/Pods-MarvelRx-MarvelRxUITests.release.xcconfig"; sourceTree = "<group>"; };
		24CA464795AC103920A8CC15 /* Pods_MarvelRx_MarvelRxUITests.framework */ = {isa = PBXFileReference; explicitFileType = wrapper.framework; includeInIndex = 0; path = Pods_MarvelRx_MarvelRxUITests.framework; sourceTree = BUILT_PRODUCTS_DIR; };
		2B22F17345B141DEC61FAED9 /* Pods-MarvelRxTests.release.xcconfig */ = {isa = PBXFileReference; includeInIndex = 1; lastKnownFileType = text.xcconfig; name = "Pods-MarvelRxTests.release.xcconfig"; path = "Target Support Files/Pods-MarvelRxTests/Pods-MarvelRxTests.release.xcconfig"; sourceTree = "<group>"; };
		2F275D9C212E3951443086BC /* Pods_MarvelRx.framework */ = {isa = PBXFileReference; explicitFileType = wrapper.framework; includeInIndex = 0; path = Pods_MarvelRx.framework; sourceTree = BUILT_PRODUCTS_DIR; };
		677DE89B83C064844581C9DA /* Pods-MarvelRxTests.debug.xcconfig */ = {isa = PBXFileReference; includeInIndex = 1; lastKnownFileType = text.xcconfig; name = "Pods-MarvelRxTests.debug.xcconfig"; path = "Target Support Files/Pods-MarvelRxTests/Pods-MarvelRxTests.debug.xcconfig"; sourceTree = "<group>"; };
		7B4E95DA9F1872FF081508AE /* Pods-MarvelRx.debug.xcconfig */ = {isa = PBXFileReference; includeInIndex = 1; lastKnownFileType = text.xcconfig; name = "Pods-MarvelRx.debug.xcconfig"; path = "Target Support Files/Pods-MarvelRx/Pods-MarvelRx.debug.xcconfig"; sourceTree = "<group>"; };
		ACB2151A18F2099A517891C9 /* Pods_MarvelRxTests.framework */ = {isa = PBXFileReference; explicitFileType = wrapper.framework; includeInIndex = 0; path = Pods_MarvelRxTests.framework; sourceTree = BUILT_PRODUCTS_DIR; };
		BB04C0E4275F898D00F2E3F8 /* Characters.swift */ = {isa = PBXFileReference; lastKnownFileType = sourcecode.swift; path = Characters.swift; sourceTree = "<group>"; };
		BB151F0127620F4700F4623E /* CharactersCoordinator.swift */ = {isa = PBXFileReference; lastKnownFileType = sourcecode.swift; path = CharactersCoordinator.swift; sourceTree = "<group>"; };
		BB151F032762103200F4623E /* AppCoordinator.swift */ = {isa = PBXFileReference; lastKnownFileType = sourcecode.swift; path = AppCoordinator.swift; sourceTree = "<group>"; };
		BB151F062763A3CF00F4623E /* CharactersDetailCoordinator.swift */ = {isa = PBXFileReference; lastKnownFileType = sourcecode.swift; path = CharactersDetailCoordinator.swift; sourceTree = "<group>"; };
		BB151F082763A3FA00F4623E /* CharactersDetailViewController.swift */ = {isa = PBXFileReference; lastKnownFileType = sourcecode.swift; path = CharactersDetailViewController.swift; sourceTree = "<group>"; };
		BB151F0B2763A45F00F4623E /* CharactersDetailViewController.xib */ = {isa = PBXFileReference; lastKnownFileType = file.xib; path = CharactersDetailViewController.xib; sourceTree = "<group>"; };
		BB151F122764F25600F4623E /* SeriesViewController.swift */ = {isa = PBXFileReference; lastKnownFileType = sourcecode.swift; path = SeriesViewController.swift; sourceTree = "<group>"; };
		BB151F142764F26000F4623E /* SeriesViewController.xib */ = {isa = PBXFileReference; lastKnownFileType = file.xib; path = SeriesViewController.xib; sourceTree = "<group>"; };
		BB151F162764F39C00F4623E /* SeriesCell.xib */ = {isa = PBXFileReference; lastKnownFileType = file.xib; path = SeriesCell.xib; sourceTree = "<group>"; };
		BB151F182764F3BA00F4623E /* SeriesCell.swift */ = {isa = PBXFileReference; lastKnownFileType = sourcecode.swift; path = SeriesCell.swift; sourceTree = "<group>"; };
		BB151F1A276654BB00F4623E /* SeriesService.swift */ = {isa = PBXFileReference; lastKnownFileType = sourcecode.swift; path = SeriesService.swift; sourceTree = "<group>"; };
		BB151F1C2766559C00F4623E /* SeriesViewModel.swift */ = {isa = PBXFileReference; lastKnownFileType = sourcecode.swift; path = SeriesViewModel.swift; sourceTree = "<group>"; };
		BB151F202766597900F4623E /* SeriesCoordinator.swift */ = {isa = PBXFileReference; lastKnownFileType = sourcecode.swift; path = SeriesCoordinator.swift; sourceTree = "<group>"; };
		BB151F252767700E00F4623E /* LoadingCircle.swift */ = {isa = PBXFileReference; lastKnownFileType = sourcecode.swift; path = LoadingCircle.swift; sourceTree = "<group>"; };
		BB7BCCA42758F90E0049338E /* MarvelRx.app */ = {isa = PBXFileReference; explicitFileType = wrapper.application; includeInIndex = 0; path = MarvelRx.app; sourceTree = BUILT_PRODUCTS_DIR; };
		BB7BCCA72758F90E0049338E /* AppDelegate.swift */ = {isa = PBXFileReference; lastKnownFileType = sourcecode.swift; path = AppDelegate.swift; sourceTree = "<group>"; };
		BB7BCCA92758F90E0049338E /* SceneDelegate.swift */ = {isa = PBXFileReference; lastKnownFileType = sourcecode.swift; path = SceneDelegate.swift; sourceTree = "<group>"; };
		BB7BCCB02758F9120049338E /* Assets.xcassets */ = {isa = PBXFileReference; lastKnownFileType = folder.assetcatalog; path = Assets.xcassets; sourceTree = "<group>"; };
		BB7BCCB32758F9120049338E /* Base */ = {isa = PBXFileReference; lastKnownFileType = file.storyboard; name = Base; path = Base.lproj/LaunchScreen.storyboard; sourceTree = "<group>"; };
		BB7BCCB52758F9120049338E /* Info.plist */ = {isa = PBXFileReference; lastKnownFileType = text.plist.xml; path = Info.plist; sourceTree = "<group>"; };
		BB7BCCBA2758F9120049338E /* MarvelRxTests.xctest */ = {isa = PBXFileReference; explicitFileType = wrapper.cfbundle; includeInIndex = 0; path = MarvelRxTests.xctest; sourceTree = BUILT_PRODUCTS_DIR; };
		BB7BCCBE2758F9120049338E /* MarvelRxTests.swift */ = {isa = PBXFileReference; lastKnownFileType = sourcecode.swift; path = MarvelRxTests.swift; sourceTree = "<group>"; };
		BB7BCCC42758F9120049338E /* MarvelRxUITests.xctest */ = {isa = PBXFileReference; explicitFileType = wrapper.cfbundle; includeInIndex = 0; path = MarvelRxUITests.xctest; sourceTree = BUILT_PRODUCTS_DIR; };
		BB7BCCC82758F9120049338E /* MarvelRxUITests.swift */ = {isa = PBXFileReference; lastKnownFileType = sourcecode.swift; path = MarvelRxUITests.swift; sourceTree = "<group>"; };
		BB7BCCCA2758F9120049338E /* MarvelRxUITestsLaunchTests.swift */ = {isa = PBXFileReference; lastKnownFileType = sourcecode.swift; path = MarvelRxUITestsLaunchTests.swift; sourceTree = "<group>"; };
		BBAA152C275F9C0700108087 /* Constants.swift */ = {isa = PBXFileReference; lastKnownFileType = sourcecode.swift; path = Constants.swift; sourceTree = "<group>"; };
		BBAA152E275F9C2900108087 /* APiClient.swift */ = {isa = PBXFileReference; lastKnownFileType = sourcecode.swift; path = APiClient.swift; sourceTree = "<group>"; };
		BBAA1532275F9CF900108087 /* ApiManager.swift */ = {isa = PBXFileReference; lastKnownFileType = sourcecode.swift; path = ApiManager.swift; sourceTree = "<group>"; };
		BBAA1534275FA29500108087 /* CharactersViewModel.swift */ = {isa = PBXFileReference; lastKnownFileType = sourcecode.swift; path = CharactersViewModel.swift; sourceTree = "<group>"; };
		BBAA1536275FA2F600108087 /* CharactersService.swift */ = {isa = PBXFileReference; lastKnownFileType = sourcecode.swift; path = CharactersService.swift; sourceTree = "<group>"; };
		BBAA1538275FB56300108087 /* CharactersViewController.swift */ = {isa = PBXFileReference; lastKnownFileType = sourcecode.swift; path = CharactersViewController.swift; sourceTree = "<group>"; };
		BBAA153A275FB5A500108087 /* CharactersViewController.xib */ = {isa = PBXFileReference; lastKnownFileType = file.xib; path = CharactersViewController.xib; sourceTree = "<group>"; };
		BBAA153E275FB7F000108087 /* CharactersCell.xib */ = {isa = PBXFileReference; lastKnownFileType = file.xib; path = CharactersCell.xib; sourceTree = "<group>"; };
		BBAA1540275FB80000108087 /* CharactersCell.swift */ = {isa = PBXFileReference; lastKnownFileType = sourcecode.swift; path = CharactersCell.swift; sourceTree = "<group>"; };
		BBAA1542275FB8DB00108087 /* CharacterViewModel.swift */ = {isa = PBXFileReference; lastKnownFileType = sourcecode.swift; path = CharacterViewModel.swift; sourceTree = "<group>"; };
		BBB63ECB276FF27700CCEAF3 /* SeriesDetailCoordinator.swift */ = {isa = PBXFileReference; lastKnownFileType = sourcecode.swift; path = SeriesDetailCoordinator.swift; sourceTree = "<group>"; };
		BBB63ECD276FF34600CCEAF3 /* SeriesDetailViewController.swift */ = {isa = PBXFileReference; lastKnownFileType = sourcecode.swift; path = SeriesDetailViewController.swift; sourceTree = "<group>"; };
		BBB63ECF276FF59600CCEAF3 /* SeriesDetailViewController.xib */ = {isa = PBXFileReference; lastKnownFileType = file.xib; path = SeriesDetailViewController.xib; sourceTree = "<group>"; };
		BBB63ED82770BC8000CCEAF3 /* TabBarCoordinator.swift */ = {isa = PBXFileReference; lastKnownFileType = sourcecode.swift; path = TabBarCoordinator.swift; sourceTree = "<group>"; };
		BBB63EDA2770BC8A00CCEAF3 /* TabBarViewController.swift */ = {isa = PBXFileReference; lastKnownFileType = sourcecode.swift; path = TabBarViewController.swift; sourceTree = "<group>"; };
		BBE85207276F95BC002E72F2 /* CharactersDetailCell.swift */ = {isa = PBXFileReference; lastKnownFileType = sourcecode.swift; path = CharactersDetailCell.swift; sourceTree = "<group>"; };
		BBE85209276F95C9002E72F2 /* CharactersDetailCell.xib */ = {isa = PBXFileReference; lastKnownFileType = file.xib; path = CharactersDetailCell.xib; sourceTree = "<group>"; };
		BF9FB6CCA6AAE4437334FF0B /* Pods-MarvelRx.release.xcconfig */ = {isa = PBXFileReference; includeInIndex = 1; lastKnownFileType = text.xcconfig; name = "Pods-MarvelRx.release.xcconfig"; path = "Target Support Files/Pods-MarvelRx/Pods-MarvelRx.release.xcconfig"; sourceTree = "<group>"; };
		CFA967178D00A51D18194F40 /* Pods-MarvelRx-MarvelRxUITests.debug.xcconfig */ = {isa = PBXFileReference; includeInIndex = 1; lastKnownFileType = text.xcconfig; name = "Pods-MarvelRx-MarvelRxUITests.debug.xcconfig"; path = "Target Support Files/Pods-MarvelRx-MarvelRxUITests/Pods-MarvelRx-MarvelRxUITests.debug.xcconfig"; sourceTree = "<group>"; };
/* End PBXFileReference section */

/* Begin PBXFrameworksBuildPhase section */
		BB7BCCA12758F90E0049338E /* Frameworks */ = {
			isa = PBXFrameworksBuildPhase;
			buildActionMask = 2147483647;
			files = (
				B2AB8ECEBD9AA470336B0D5F /* Pods_MarvelRx.framework in Frameworks */,
			);
			runOnlyForDeploymentPostprocessing = 0;
		};
		BB7BCCB72758F9120049338E /* Frameworks */ = {
			isa = PBXFrameworksBuildPhase;
			buildActionMask = 2147483647;
			files = (
				4E7A691B9A634E718AA9D1CD /* Pods_MarvelRxTests.framework in Frameworks */,
			);
			runOnlyForDeploymentPostprocessing = 0;
		};
		BB7BCCC12758F9120049338E /* Frameworks */ = {
			isa = PBXFrameworksBuildPhase;
			buildActionMask = 2147483647;
			files = (
				CDE6B79A8CF309D7361912EF /* Pods_MarvelRx_MarvelRxUITests.framework in Frameworks */,
			);
			runOnlyForDeploymentPostprocessing = 0;
		};
/* End PBXFrameworksBuildPhase section */

/* Begin PBXGroup section */
		3262AE9AE02E32C8F67BAD0F /* Pods */ = {
			isa = PBXGroup;
			children = (
				7B4E95DA9F1872FF081508AE /* Pods-MarvelRx.debug.xcconfig */,
				BF9FB6CCA6AAE4437334FF0B /* Pods-MarvelRx.release.xcconfig */,
				CFA967178D00A51D18194F40 /* Pods-MarvelRx-MarvelRxUITests.debug.xcconfig */,
				03B9FBF9A2B68FD6C70EB878 /* Pods-MarvelRx-MarvelRxUITests.release.xcconfig */,
				677DE89B83C064844581C9DA /* Pods-MarvelRxTests.debug.xcconfig */,
				2B22F17345B141DEC61FAED9 /* Pods-MarvelRxTests.release.xcconfig */,
			);
			path = Pods;
			sourceTree = "<group>";
		};
		9C9CF62C6B9135D6E93EF01D /* Frameworks */ = {
			isa = PBXGroup;
			children = (
				2F275D9C212E3951443086BC /* Pods_MarvelRx.framework */,
				24CA464795AC103920A8CC15 /* Pods_MarvelRx_MarvelRxUITests.framework */,
				ACB2151A18F2099A517891C9 /* Pods_MarvelRxTests.framework */,
			);
			name = Frameworks;
			sourceTree = "<group>";
		};
		BB04C0DF275F7E5A00F2E3F8 /* Characters */ = {
			isa = PBXGroup;
			children = (
				BBAA153C275FB78B00108087 /* Cell */,
				BB04C0E3275F7EC700F2E3F8 /* ViewModel */,
				BB04C0E2275F7EC200F2E3F8 /* Model */,
				BB04C0E1275F7EB800F2E3F8 /* View */,
			);
			path = Characters;
			sourceTree = "<group>";
		};
		BB04C0E0275F7E9200F2E3F8 /* Series */ = {
			isa = PBXGroup;
			children = (
				BB151F112764F23900F4623E /* Model */,
				BB151F102764F23200F4623E /* Cell */,
				BB151F0F2764F22500F4623E /* ViewModel */,
				BB151F0E2764F21F00F4623E /* View */,
			);
			path = Series;
			sourceTree = "<group>";
		};
		BB04C0E1275F7EB800F2E3F8 /* View */ = {
			isa = PBXGroup;
			children = (
				BBAA1538275FB56300108087 /* CharactersViewController.swift */,
				BBAA153A275FB5A500108087 /* CharactersViewController.xib */,
			);
			path = View;
			sourceTree = "<group>";
		};
		BB04C0E2275F7EC200F2E3F8 /* Model */ = {
			isa = PBXGroup;
			children = (
				BB04C0E4275F898D00F2E3F8 /* Characters.swift */,
			);
			path = Model;
			sourceTree = "<group>";
		};
		BB04C0E3275F7EC700F2E3F8 /* ViewModel */ = {
			isa = PBXGroup;
			children = (
				BBAA1534275FA29500108087 /* CharactersViewModel.swift */,
				BBAA1542275FB8DB00108087 /* CharacterViewModel.swift */,
			);
			path = ViewModel;
			sourceTree = "<group>";
		};
		BB151F05276381AB00F4623E /* CharactersDetail */ = {
			isa = PBXGroup;
			children = (
				BBE85206276F95AF002E72F2 /* Cell */,
				BB151F0D2763A4BB00F4623E /* Coordinator */,
				BB151F0A2763A43D00F4623E /* View */,
			);
			path = CharactersDetail;
			sourceTree = "<group>";
		};
		BB151F0A2763A43D00F4623E /* View */ = {
			isa = PBXGroup;
			children = (
				BB151F082763A3FA00F4623E /* CharactersDetailViewController.swift */,
				BB151F0B2763A45F00F4623E /* CharactersDetailViewController.xib */,
			);
			path = View;
			sourceTree = "<group>";
		};
		BB151F0D2763A4BB00F4623E /* Coordinator */ = {
			isa = PBXGroup;
			children = (
				BB151F062763A3CF00F4623E /* CharactersDetailCoordinator.swift */,
			);
			path = Coordinator;
			sourceTree = "<group>";
		};
		BB151F0E2764F21F00F4623E /* View */ = {
			isa = PBXGroup;
			children = (
				BB151F122764F25600F4623E /* SeriesViewController.swift */,
				BB151F142764F26000F4623E /* SeriesViewController.xib */,
			);
			path = View;
			sourceTree = "<group>";
		};
		BB151F0F2764F22500F4623E /* ViewModel */ = {
			isa = PBXGroup;
			children = (
				BB151F1C2766559C00F4623E /* SeriesViewModel.swift */,
			);
			path = ViewModel;
			sourceTree = "<group>";
		};
		BB151F102764F23200F4623E /* Cell */ = {
			isa = PBXGroup;
			children = (
				BB151F162764F39C00F4623E /* SeriesCell.xib */,
				BB151F182764F3BA00F4623E /* SeriesCell.swift */,
			);
			path = Cell;
			sourceTree = "<group>";
		};
		BB151F112764F23900F4623E /* Model */ = {
			isa = PBXGroup;
			children = (
			);
			path = Model;
			sourceTree = "<group>";
		};
		BB151F22276751AE00F4623E /* SeriesDetail */ = {
			isa = PBXGroup;
			children = (
				BB151F24276751C000F4623E /* View */,
				BB151F23276751B700F4623E /* Coordinator */,
			);
			path = SeriesDetail;
			sourceTree = "<group>";
		};
		BB151F23276751B700F4623E /* Coordinator */ = {
			isa = PBXGroup;
			children = (
				BBB63ECB276FF27700CCEAF3 /* SeriesDetailCoordinator.swift */,
			);
			path = Coordinator;
			sourceTree = "<group>";
		};
		BB151F24276751C000F4623E /* View */ = {
			isa = PBXGroup;
			children = (
				BBB63ECD276FF34600CCEAF3 /* SeriesDetailViewController.swift */,
				BBB63ECF276FF59600CCEAF3 /* SeriesDetailViewController.xib */,
			);
			path = View;
			sourceTree = "<group>";
		};
		BB7BCC9B2758F90E0049338E = {
			isa = PBXGroup;
			children = (
				BB7BCCA62758F90E0049338E /* MarvelRx */,
				BB7BCCBD2758F9120049338E /* MarvelRxTests */,
				BB7BCCC72758F9120049338E /* MarvelRxUITests */,
				BB7BCCA52758F90E0049338E /* Products */,
				3262AE9AE02E32C8F67BAD0F /* Pods */,
				9C9CF62C6B9135D6E93EF01D /* Frameworks */,
			);
			sourceTree = "<group>";
		};
		BB7BCCA52758F90E0049338E /* Products */ = {
			isa = PBXGroup;
			children = (
				BB7BCCA42758F90E0049338E /* MarvelRx.app */,
				BB7BCCBA2758F9120049338E /* MarvelRxTests.xctest */,
				BB7BCCC42758F9120049338E /* MarvelRxUITests.xctest */,
			);
			name = Products;
			sourceTree = "<group>";
		};
		BB7BCCA62758F90E0049338E /* MarvelRx */ = {
			isa = PBXGroup;
			children = (
				BBB63ED72770BC7400CCEAF3 /* TabBar */,
				BBB63ED4277098CA00CCEAF3 /* Extensions */,
				BB151F22276751AE00F4623E /* SeriesDetail */,
				BB151F05276381AB00F4623E /* CharactersDetail */,
				BBAA152B275F966C00108087 /* NetworkLayer */,
				BBAA152A275F95CA00108087 /* Coordinator */,
				BB04C0E0275F7E9200F2E3F8 /* Series */,
				BB04C0DF275F7E5A00F2E3F8 /* Characters */,
				BB7BCCA72758F90E0049338E /* AppDelegate.swift */,
				BB7BCCA92758F90E0049338E /* SceneDelegate.swift */,
				BB7BCCB02758F9120049338E /* Assets.xcassets */,
				BB7BCCB22758F9120049338E /* LaunchScreen.storyboard */,
				BB7BCCB52758F9120049338E /* Info.plist */,
			);
			path = MarvelRx;
			sourceTree = "<group>";
		};
		BB7BCCBD2758F9120049338E /* MarvelRxTests */ = {
			isa = PBXGroup;
			children = (
				BB7BCCBE2758F9120049338E /* MarvelRxTests.swift */,
			);
			path = MarvelRxTests;
			sourceTree = "<group>";
		};
		BB7BCCC72758F9120049338E /* MarvelRxUITests */ = {
			isa = PBXGroup;
			children = (
				BB7BCCC82758F9120049338E /* MarvelRxUITests.swift */,
				BB7BCCCA2758F9120049338E /* MarvelRxUITestsLaunchTests.swift */,
			);
			path = MarvelRxUITests;
			sourceTree = "<group>";
		};
		BBAA152A275F95CA00108087 /* Coordinator */ = {
			isa = PBXGroup;
			children = (
				BB151F0127620F4700F4623E /* CharactersCoordinator.swift */,
				BB151F032762103200F4623E /* AppCoordinator.swift */,
				BB151F202766597900F4623E /* SeriesCoordinator.swift */,
			);
			path = Coordinator;
			sourceTree = "<group>";
		};
		BBAA152B275F966C00108087 /* NetworkLayer */ = {
			isa = PBXGroup;
			children = (
				BBAA152C275F9C0700108087 /* Constants.swift */,
				BBAA152E275F9C2900108087 /* APiClient.swift */,
				BBAA1532275F9CF900108087 /* ApiManager.swift */,
				BBAA1536275FA2F600108087 /* CharactersService.swift */,
				BB151F1A276654BB00F4623E /* SeriesService.swift */,
			);
			path = NetworkLayer;
			sourceTree = "<group>";
		};
		BBAA153C275FB78B00108087 /* Cell */ = {
			isa = PBXGroup;
			children = (
				BBAA153E275FB7F000108087 /* CharactersCell.xib */,
				BBAA1540275FB80000108087 /* CharactersCell.swift */,
			);
			path = Cell;
			sourceTree = "<group>";
		};
		BBB63ED4277098CA00CCEAF3 /* Extensions */ = {
			isa = PBXGroup;
			children = (
				BB151F252767700E00F4623E /* LoadingCircle.swift */,
			);
			path = Extensions;
			sourceTree = "<group>";
		};
		BBB63ED72770BC7400CCEAF3 /* TabBar */ = {
			isa = PBXGroup;
			children = (
				BBB63ED82770BC8000CCEAF3 /* TabBarCoordinator.swift */,
				BBB63EDA2770BC8A00CCEAF3 /* TabBarViewController.swift */,
			);
			path = TabBar;
			sourceTree = "<group>";
		};
		BBE85206276F95AF002E72F2 /* Cell */ = {
			isa = PBXGroup;
			children = (
				BBE85207276F95BC002E72F2 /* CharactersDetailCell.swift */,
				BBE85209276F95C9002E72F2 /* CharactersDetailCell.xib */,
			);
			path = Cell;
			sourceTree = "<group>";
		};
/* End PBXGroup section */

/* Begin PBXNativeTarget section */
		BB7BCCA32758F90E0049338E /* MarvelRx */ = {
			isa = PBXNativeTarget;
			buildConfigurationList = BB7BCCCE2758F9120049338E /* Build configuration list for PBXNativeTarget "MarvelRx" */;
			buildPhases = (
				477F7E5A8774A18E7BB2385B /* [CP] Check Pods Manifest.lock */,
				BB7BCCA02758F90E0049338E /* Sources */,
				BB7BCCA12758F90E0049338E /* Frameworks */,
				BB7BCCA22758F90E0049338E /* Resources */,
				97DD9FCAC4D072FB378929B6 /* [CP] Embed Pods Frameworks */,
			);
			buildRules = (
			);
			dependencies = (
			);
			name = MarvelRx;
			productName = MarvelRx;
			productReference = BB7BCCA42758F90E0049338E /* MarvelRx.app */;
			productType = "com.apple.product-type.application";
		};
		BB7BCCB92758F9120049338E /* MarvelRxTests */ = {
			isa = PBXNativeTarget;
			buildConfigurationList = BB7BCCD12758F9120049338E /* Build configuration list for PBXNativeTarget "MarvelRxTests" */;
			buildPhases = (
				549CFB0F868632072C4D4456 /* [CP] Check Pods Manifest.lock */,
				BB7BCCB62758F9120049338E /* Sources */,
				BB7BCCB72758F9120049338E /* Frameworks */,
				BB7BCCB82758F9120049338E /* Resources */,
			);
			buildRules = (
			);
			dependencies = (
				BB7BCCBC2758F9120049338E /* PBXTargetDependency */,
			);
			name = MarvelRxTests;
			productName = MarvelRxTests;
			productReference = BB7BCCBA2758F9120049338E /* MarvelRxTests.xctest */;
			productType = "com.apple.product-type.bundle.unit-test";
		};
		BB7BCCC32758F9120049338E /* MarvelRxUITests */ = {
			isa = PBXNativeTarget;
			buildConfigurationList = BB7BCCD42758F9120049338E /* Build configuration list for PBXNativeTarget "MarvelRxUITests" */;
			buildPhases = (
				C240298480D0BB6FA15DA7CD /* [CP] Check Pods Manifest.lock */,
				BB7BCCC02758F9120049338E /* Sources */,
				BB7BCCC12758F9120049338E /* Frameworks */,
				BB7BCCC22758F9120049338E /* Resources */,
				361296D91726BB8D2EF78A77 /* [CP] Embed Pods Frameworks */,
			);
			buildRules = (
			);
			dependencies = (
				BB7BCCC62758F9120049338E /* PBXTargetDependency */,
			);
			name = MarvelRxUITests;
			productName = MarvelRxUITests;
			productReference = BB7BCCC42758F9120049338E /* MarvelRxUITests.xctest */;
			productType = "com.apple.product-type.bundle.ui-testing";
		};
/* End PBXNativeTarget section */

/* Begin PBXProject section */
		BB7BCC9C2758F90E0049338E /* Project object */ = {
			isa = PBXProject;
			attributes = {
				BuildIndependentTargetsInParallel = 1;
				LastSwiftUpdateCheck = 1310;
				LastUpgradeCheck = 1310;
				TargetAttributes = {
					BB7BCCA32758F90E0049338E = {
						CreatedOnToolsVersion = 13.1;
					};
					BB7BCCB92758F9120049338E = {
						CreatedOnToolsVersion = 13.1;
						TestTargetID = BB7BCCA32758F90E0049338E;
					};
					BB7BCCC32758F9120049338E = {
						CreatedOnToolsVersion = 13.1;
						TestTargetID = BB7BCCA32758F90E0049338E;
					};
				};
			};
			buildConfigurationList = BB7BCC9F2758F90E0049338E /* Build configuration list for PBXProject "MarvelRx" */;
			compatibilityVersion = "Xcode 13.0";
			developmentRegion = en;
			hasScannedForEncodings = 0;
			knownRegions = (
				en,
				Base,
			);
			mainGroup = BB7BCC9B2758F90E0049338E;
			productRefGroup = BB7BCCA52758F90E0049338E /* Products */;
			projectDirPath = "";
			projectRoot = "";
			targets = (
				BB7BCCA32758F90E0049338E /* MarvelRx */,
				BB7BCCB92758F9120049338E /* MarvelRxTests */,
				BB7BCCC32758F9120049338E /* MarvelRxUITests */,
			);
		};
/* End PBXProject section */

/* Begin PBXResourcesBuildPhase section */
		BB7BCCA22758F90E0049338E /* Resources */ = {
			isa = PBXResourcesBuildPhase;
			buildActionMask = 2147483647;
			files = (
				BBAA153B275FB5A500108087 /* CharactersViewController.xib in Resources */,
				BB151F152764F26000F4623E /* SeriesViewController.xib in Resources */,
				BB151F0C2763A45F00F4623E /* CharactersDetailViewController.xib in Resources */,
				BB7BCCB42758F9120049338E /* LaunchScreen.storyboard in Resources */,
				BBB63ED0276FF59600CCEAF3 /* SeriesDetailViewController.xib in Resources */,
				BBE8520A276F95C9002E72F2 /* CharactersDetailCell.xib in Resources */,
				BBAA153F275FB7F000108087 /* CharactersCell.xib in Resources */,
				BB7BCCB12758F9120049338E /* Assets.xcassets in Resources */,
				BB151F172764F39C00F4623E /* SeriesCell.xib in Resources */,
			);
			runOnlyForDeploymentPostprocessing = 0;
		};
		BB7BCCB82758F9120049338E /* Resources */ = {
			isa = PBXResourcesBuildPhase;
			buildActionMask = 2147483647;
			files = (
			);
			runOnlyForDeploymentPostprocessing = 0;
		};
		BB7BCCC22758F9120049338E /* Resources */ = {
			isa = PBXResourcesBuildPhase;
			buildActionMask = 2147483647;
			files = (
			);
			runOnlyForDeploymentPostprocessing = 0;
		};
/* End PBXResourcesBuildPhase section */

/* Begin PBXShellScriptBuildPhase section */
		361296D91726BB8D2EF78A77 /* [CP] Embed Pods Frameworks */ = {
			isa = PBXShellScriptBuildPhase;
			buildActionMask = 2147483647;
			files = (
			);
			inputFileListPaths = (
				"${PODS_ROOT}/Target Support Files/Pods-MarvelRx-MarvelRxUITests/Pods-MarvelRx-MarvelRxUITests-frameworks-${CONFIGURATION}-input-files.xcfilelist",
			);
			name = "[CP] Embed Pods Frameworks";
			outputFileListPaths = (
				"${PODS_ROOT}/Target Support Files/Pods-MarvelRx-MarvelRxUITests/Pods-MarvelRx-MarvelRxUITests-frameworks-${CONFIGURATION}-output-files.xcfilelist",
			);
			runOnlyForDeploymentPostprocessing = 0;
			shellPath = /bin/sh;
			shellScript = "\"${PODS_ROOT}/Target Support Files/Pods-MarvelRx-MarvelRxUITests/Pods-MarvelRx-MarvelRxUITests-frameworks.sh\"\n";
			showEnvVarsInLog = 0;
		};
		477F7E5A8774A18E7BB2385B /* [CP] Check Pods Manifest.lock */ = {
			isa = PBXShellScriptBuildPhase;
			buildActionMask = 2147483647;
			files = (
			);
			inputFileListPaths = (
			);
			inputPaths = (
				"${PODS_PODFILE_DIR_PATH}/Podfile.lock",
				"${PODS_ROOT}/Manifest.lock",
			);
			name = "[CP] Check Pods Manifest.lock";
			outputFileListPaths = (
			);
			outputPaths = (
				"$(DERIVED_FILE_DIR)/Pods-MarvelRx-checkManifestLockResult.txt",
			);
			runOnlyForDeploymentPostprocessing = 0;
			shellPath = /bin/sh;
			shellScript = "diff \"${PODS_PODFILE_DIR_PATH}/Podfile.lock\" \"${PODS_ROOT}/Manifest.lock\" > /dev/null\nif [ $? != 0 ] ; then\n    # print error to STDERR\n    echo \"error: The sandbox is not in sync with the Podfile.lock. Run 'pod install' or update your CocoaPods installation.\" >&2\n    exit 1\nfi\n# This output is used by Xcode 'outputs' to avoid re-running this script phase.\necho \"SUCCESS\" > \"${SCRIPT_OUTPUT_FILE_0}\"\n";
			showEnvVarsInLog = 0;
		};
		549CFB0F868632072C4D4456 /* [CP] Check Pods Manifest.lock */ = {
			isa = PBXShellScriptBuildPhase;
			buildActionMask = 2147483647;
			files = (
			);
			inputFileListPaths = (
			);
			inputPaths = (
				"${PODS_PODFILE_DIR_PATH}/Podfile.lock",
				"${PODS_ROOT}/Manifest.lock",
			);
			name = "[CP] Check Pods Manifest.lock";
			outputFileListPaths = (
			);
			outputPaths = (
				"$(DERIVED_FILE_DIR)/Pods-MarvelRxTests-checkManifestLockResult.txt",
			);
			runOnlyForDeploymentPostprocessing = 0;
			shellPath = /bin/sh;
			shellScript = "diff \"${PODS_PODFILE_DIR_PATH}/Podfile.lock\" \"${PODS_ROOT}/Manifest.lock\" > /dev/null\nif [ $? != 0 ] ; then\n    # print error to STDERR\n    echo \"error: The sandbox is not in sync with the Podfile.lock. Run 'pod install' or update your CocoaPods installation.\" >&2\n    exit 1\nfi\n# This output is used by Xcode 'outputs' to avoid re-running this script phase.\necho \"SUCCESS\" > \"${SCRIPT_OUTPUT_FILE_0}\"\n";
			showEnvVarsInLog = 0;
		};
		97DD9FCAC4D072FB378929B6 /* [CP] Embed Pods Frameworks */ = {
			isa = PBXShellScriptBuildPhase;
			buildActionMask = 2147483647;
			files = (
			);
			inputFileListPaths = (
				"${PODS_ROOT}/Target Support Files/Pods-MarvelRx/Pods-MarvelRx-frameworks-${CONFIGURATION}-input-files.xcfilelist",
			);
			name = "[CP] Embed Pods Frameworks";
			outputFileListPaths = (
				"${PODS_ROOT}/Target Support Files/Pods-MarvelRx/Pods-MarvelRx-frameworks-${CONFIGURATION}-output-files.xcfilelist",
			);
			runOnlyForDeploymentPostprocessing = 0;
			shellPath = /bin/sh;
			shellScript = "\"${PODS_ROOT}/Target Support Files/Pods-MarvelRx/Pods-MarvelRx-frameworks.sh\"\n";
			showEnvVarsInLog = 0;
		};
		C240298480D0BB6FA15DA7CD /* [CP] Check Pods Manifest.lock */ = {
			isa = PBXShellScriptBuildPhase;
			buildActionMask = 2147483647;
			files = (
			);
			inputFileListPaths = (
			);
			inputPaths = (
				"${PODS_PODFILE_DIR_PATH}/Podfile.lock",
				"${PODS_ROOT}/Manifest.lock",
			);
			name = "[CP] Check Pods Manifest.lock";
			outputFileListPaths = (
			);
			outputPaths = (
				"$(DERIVED_FILE_DIR)/Pods-MarvelRx-MarvelRxUITests-checkManifestLockResult.txt",
			);
			runOnlyForDeploymentPostprocessing = 0;
			shellPath = /bin/sh;
			shellScript = "diff \"${PODS_PODFILE_DIR_PATH}/Podfile.lock\" \"${PODS_ROOT}/Manifest.lock\" > /dev/null\nif [ $? != 0 ] ; then\n    # print error to STDERR\n    echo \"error: The sandbox is not in sync with the Podfile.lock. Run 'pod install' or update your CocoaPods installation.\" >&2\n    exit 1\nfi\n# This output is used by Xcode 'outputs' to avoid re-running this script phase.\necho \"SUCCESS\" > \"${SCRIPT_OUTPUT_FILE_0}\"\n";
			showEnvVarsInLog = 0;
		};
/* End PBXShellScriptBuildPhase section */

/* Begin PBXSourcesBuildPhase section */
		BB7BCCA02758F90E0049338E /* Sources */ = {
			isa = PBXSourcesBuildPhase;
			buildActionMask = 2147483647;
			files = (
				BBAA1535275FA29500108087 /* CharactersViewModel.swift in Sources */,
				BBAA1533275F9CF900108087 /* ApiManager.swift in Sources */,
				BB151F262767700E00F4623E /* LoadingCircle.swift in Sources */,
				BB151F192764F3BA00F4623E /* SeriesCell.swift in Sources */,
				BBB63EDB2770BC8A00CCEAF3 /* TabBarViewController.swift in Sources */,
				BB151F0227620F4700F4623E /* CharactersCoordinator.swift in Sources */,
				BBAA152D275F9C0700108087 /* Constants.swift in Sources */,
				BBB63ED92770BC8000CCEAF3 /* TabBarCoordinator.swift in Sources */,
				BB151F212766597900F4623E /* SeriesCoordinator.swift in Sources */,
				BBAA152F275F9C2900108087 /* APiClient.swift in Sources */,
				BBAA1543275FB8DB00108087 /* CharacterViewModel.swift in Sources */,
				BB151F042762103200F4623E /* AppCoordinator.swift in Sources */,
				BBAA1539275FB56300108087 /* CharactersViewController.swift in Sources */,
				BBE85208276F95BC002E72F2 /* CharactersDetailCell.swift in Sources */,
				BB151F1D2766559C00F4623E /* SeriesViewModel.swift in Sources */,
				BBAA1541275FB80000108087 /* CharactersCell.swift in Sources */,
				BB151F072763A3CF00F4623E /* CharactersDetailCoordinator.swift in Sources */,
				BB7BCCA82758F90E0049338E /* AppDelegate.swift in Sources */,
				BB151F1B276654BB00F4623E /* SeriesService.swift in Sources */,
				BBB63ECC276FF27700CCEAF3 /* SeriesDetailCoordinator.swift in Sources */,
				BB7BCCAA2758F90E0049338E /* SceneDelegate.swift in Sources */,
				BBAA1537275FA2F600108087 /* CharactersService.swift in Sources */,
				BB04C0E5275F898D00F2E3F8 /* Characters.swift in Sources */,
				BB151F092763A3FB00F4623E /* CharactersDetailViewController.swift in Sources */,
				BB151F132764F25600F4623E /* SeriesViewController.swift in Sources */,
				BBB63ECE276FF34600CCEAF3 /* SeriesDetailViewController.swift in Sources */,
			);
			runOnlyForDeploymentPostprocessing = 0;
		};
		BB7BCCB62758F9120049338E /* Sources */ = {
			isa = PBXSourcesBuildPhase;
			buildActionMask = 2147483647;
			files = (
				BB7BCCBF2758F9120049338E /* MarvelRxTests.swift in Sources */,
			);
			runOnlyForDeploymentPostprocessing = 0;
		};
		BB7BCCC02758F9120049338E /* Sources */ = {
			isa = PBXSourcesBuildPhase;
			buildActionMask = 2147483647;
			files = (
				BB7BCCCB2758F9120049338E /* MarvelRxUITestsLaunchTests.swift in Sources */,
				BB7BCCC92758F9120049338E /* MarvelRxUITests.swift in Sources */,
			);
			runOnlyForDeploymentPostprocessing = 0;
		};
/* End PBXSourcesBuildPhase section */

/* Begin PBXTargetDependency section */
		BB7BCCBC2758F9120049338E /* PBXTargetDependency */ = {
			isa = PBXTargetDependency;
			target = BB7BCCA32758F90E0049338E /* MarvelRx */;
			targetProxy = BB7BCCBB2758F9120049338E /* PBXContainerItemProxy */;
		};
		BB7BCCC62758F9120049338E /* PBXTargetDependency */ = {
			isa = PBXTargetDependency;
			target = BB7BCCA32758F90E0049338E /* MarvelRx */;
			targetProxy = BB7BCCC52758F9120049338E /* PBXContainerItemProxy */;
		};
/* End PBXTargetDependency section */

/* Begin PBXVariantGroup section */
		BB7BCCB22758F9120049338E /* LaunchScreen.storyboard */ = {
			isa = PBXVariantGroup;
			children = (
				BB7BCCB32758F9120049338E /* Base */,
			);
			name = LaunchScreen.storyboard;
			sourceTree = "<group>";
		};
/* End PBXVariantGroup section */

/* Begin XCBuildConfiguration section */
		BB7BCCCC2758F9120049338E /* Debug */ = {
			isa = XCBuildConfiguration;
			buildSettings = {
				ALWAYS_SEARCH_USER_PATHS = NO;
				CLANG_ANALYZER_NONNULL = YES;
				CLANG_ANALYZER_NUMBER_OBJECT_CONVERSION = YES_AGGRESSIVE;
				CLANG_CXX_LANGUAGE_STANDARD = "gnu++17";
				CLANG_CXX_LIBRARY = "libc++";
				CLANG_ENABLE_MODULES = YES;
				CLANG_ENABLE_OBJC_ARC = YES;
				CLANG_ENABLE_OBJC_WEAK = YES;
				CLANG_WARN_BLOCK_CAPTURE_AUTORELEASING = YES;
				CLANG_WARN_BOOL_CONVERSION = YES;
				CLANG_WARN_COMMA = YES;
				CLANG_WARN_CONSTANT_CONVERSION = YES;
				CLANG_WARN_DEPRECATED_OBJC_IMPLEMENTATIONS = YES;
				CLANG_WARN_DIRECT_OBJC_ISA_USAGE = YES_ERROR;
				CLANG_WARN_DOCUMENTATION_COMMENTS = YES;
				CLANG_WARN_EMPTY_BODY = YES;
				CLANG_WARN_ENUM_CONVERSION = YES;
				CLANG_WARN_INFINITE_RECURSION = YES;
				CLANG_WARN_INT_CONVERSION = YES;
				CLANG_WARN_NON_LITERAL_NULL_CONVERSION = YES;
				CLANG_WARN_OBJC_IMPLICIT_RETAIN_SELF = YES;
				CLANG_WARN_OBJC_LITERAL_CONVERSION = YES;
				CLANG_WARN_OBJC_ROOT_CLASS = YES_ERROR;
				CLANG_WARN_QUOTED_INCLUDE_IN_FRAMEWORK_HEADER = YES;
				CLANG_WARN_RANGE_LOOP_ANALYSIS = YES;
				CLANG_WARN_STRICT_PROTOTYPES = YES;
				CLANG_WARN_SUSPICIOUS_MOVE = YES;
				CLANG_WARN_UNGUARDED_AVAILABILITY = YES_AGGRESSIVE;
				CLANG_WARN_UNREACHABLE_CODE = YES;
				CLANG_WARN__DUPLICATE_METHOD_MATCH = YES;
				COPY_PHASE_STRIP = NO;
				DEBUG_INFORMATION_FORMAT = dwarf;
				ENABLE_STRICT_OBJC_MSGSEND = YES;
				ENABLE_TESTABILITY = YES;
				GCC_C_LANGUAGE_STANDARD = gnu11;
				GCC_DYNAMIC_NO_PIC = NO;
				GCC_NO_COMMON_BLOCKS = YES;
				GCC_OPTIMIZATION_LEVEL = 0;
				GCC_PREPROCESSOR_DEFINITIONS = (
					"DEBUG=1",
					"$(inherited)",
				);
				GCC_WARN_64_TO_32_BIT_CONVERSION = YES;
				GCC_WARN_ABOUT_RETURN_TYPE = YES_ERROR;
				GCC_WARN_UNDECLARED_SELECTOR = YES;
				GCC_WARN_UNINITIALIZED_AUTOS = YES_AGGRESSIVE;
				GCC_WARN_UNUSED_FUNCTION = YES;
				GCC_WARN_UNUSED_VARIABLE = YES;
				IPHONEOS_DEPLOYMENT_TARGET = 15.0;
				MTL_ENABLE_DEBUG_INFO = INCLUDE_SOURCE;
				MTL_FAST_MATH = YES;
				ONLY_ACTIVE_ARCH = YES;
				SDKROOT = iphoneos;
				SWIFT_ACTIVE_COMPILATION_CONDITIONS = DEBUG;
				SWIFT_OPTIMIZATION_LEVEL = "-Onone";
			};
			name = Debug;
		};
		BB7BCCCD2758F9120049338E /* Release */ = {
			isa = XCBuildConfiguration;
			buildSettings = {
				ALWAYS_SEARCH_USER_PATHS = NO;
				CLANG_ANALYZER_NONNULL = YES;
				CLANG_ANALYZER_NUMBER_OBJECT_CONVERSION = YES_AGGRESSIVE;
				CLANG_CXX_LANGUAGE_STANDARD = "gnu++17";
				CLANG_CXX_LIBRARY = "libc++";
				CLANG_ENABLE_MODULES = YES;
				CLANG_ENABLE_OBJC_ARC = YES;
				CLANG_ENABLE_OBJC_WEAK = YES;
				CLANG_WARN_BLOCK_CAPTURE_AUTORELEASING = YES;
				CLANG_WARN_BOOL_CONVERSION = YES;
				CLANG_WARN_COMMA = YES;
				CLANG_WARN_CONSTANT_CONVERSION = YES;
				CLANG_WARN_DEPRECATED_OBJC_IMPLEMENTATIONS = YES;
				CLANG_WARN_DIRECT_OBJC_ISA_USAGE = YES_ERROR;
				CLANG_WARN_DOCUMENTATION_COMMENTS = YES;
				CLANG_WARN_EMPTY_BODY = YES;
				CLANG_WARN_ENUM_CONVERSION = YES;
				CLANG_WARN_INFINITE_RECURSION = YES;
				CLANG_WARN_INT_CONVERSION = YES;
				CLANG_WARN_NON_LITERAL_NULL_CONVERSION = YES;
				CLANG_WARN_OBJC_IMPLICIT_RETAIN_SELF = YES;
				CLANG_WARN_OBJC_LITERAL_CONVERSION = YES;
				CLANG_WARN_OBJC_ROOT_CLASS = YES_ERROR;
				CLANG_WARN_QUOTED_INCLUDE_IN_FRAMEWORK_HEADER = YES;
				CLANG_WARN_RANGE_LOOP_ANALYSIS = YES;
				CLANG_WARN_STRICT_PROTOTYPES = YES;
				CLANG_WARN_SUSPICIOUS_MOVE = YES;
				CLANG_WARN_UNGUARDED_AVAILABILITY = YES_AGGRESSIVE;
				CLANG_WARN_UNREACHABLE_CODE = YES;
				CLANG_WARN__DUPLICATE_METHOD_MATCH = YES;
				COPY_PHASE_STRIP = NO;
				DEBUG_INFORMATION_FORMAT = "dwarf-with-dsym";
				ENABLE_NS_ASSERTIONS = NO;
				ENABLE_STRICT_OBJC_MSGSEND = YES;
				GCC_C_LANGUAGE_STANDARD = gnu11;
				GCC_NO_COMMON_BLOCKS = YES;
				GCC_WARN_64_TO_32_BIT_CONVERSION = YES;
				GCC_WARN_ABOUT_RETURN_TYPE = YES_ERROR;
				GCC_WARN_UNDECLARED_SELECTOR = YES;
				GCC_WARN_UNINITIALIZED_AUTOS = YES_AGGRESSIVE;
				GCC_WARN_UNUSED_FUNCTION = YES;
				GCC_WARN_UNUSED_VARIABLE = YES;
				IPHONEOS_DEPLOYMENT_TARGET = 15.0;
				MTL_ENABLE_DEBUG_INFO = NO;
				MTL_FAST_MATH = YES;
				SDKROOT = iphoneos;
				SWIFT_COMPILATION_MODE = wholemodule;
				SWIFT_OPTIMIZATION_LEVEL = "-O";
				VALIDATE_PRODUCT = YES;
			};
			name = Release;
		};
		BB7BCCCF2758F9120049338E /* Debug */ = {
			isa = XCBuildConfiguration;
			baseConfigurationReference = 7B4E95DA9F1872FF081508AE /* Pods-MarvelRx.debug.xcconfig */;
			buildSettings = {
				ASSETCATALOG_COMPILER_APPICON_NAME = AppIcon;
				ASSETCATALOG_COMPILER_GLOBAL_ACCENT_COLOR_NAME = AccentColor;
				CODE_SIGN_STYLE = Automatic;
				CURRENT_PROJECT_VERSION = 1;
				DEVELOPMENT_TEAM = A5ZTP6V3DV;
				GENERATE_INFOPLIST_FILE = YES;
				INFOPLIST_FILE = MarvelRx/Info.plist;
				INFOPLIST_KEY_UIApplicationSupportsIndirectInputEvents = YES;
				INFOPLIST_KEY_UILaunchStoryboardName = LaunchScreen;
				INFOPLIST_KEY_UISupportedInterfaceOrientations_iPad = "UIInterfaceOrientationPortrait UIInterfaceOrientationPortraitUpsideDown UIInterfaceOrientationLandscapeLeft UIInterfaceOrientationLandscapeRight";
				INFOPLIST_KEY_UISupportedInterfaceOrientations_iPhone = "UIInterfaceOrientationPortrait UIInterfaceOrientationLandscapeLeft UIInterfaceOrientationLandscapeRight";
				IPHONEOS_DEPLOYMENT_TARGET = 13.0;
				LD_RUNPATH_SEARCH_PATHS = (
					"$(inherited)",
					"@executable_path/Frameworks",
				);
				MARKETING_VERSION = 1.0;
				PRODUCT_BUNDLE_IDENTIFIER = ios.com.MarvelRx;
				PRODUCT_NAME = "$(TARGET_NAME)";
				SWIFT_EMIT_LOC_STRINGS = YES;
				SWIFT_VERSION = 5.0;
				TARGETED_DEVICE_FAMILY = 1;
			};
			name = Debug;
		};
		BB7BCCD02758F9120049338E /* Release */ = {
			isa = XCBuildConfiguration;
			baseConfigurationReference = BF9FB6CCA6AAE4437334FF0B /* Pods-MarvelRx.release.xcconfig */;
			buildSettings = {
				ASSETCATALOG_COMPILER_APPICON_NAME = AppIcon;
				ASSETCATALOG_COMPILER_GLOBAL_ACCENT_COLOR_NAME = AccentColor;
				CODE_SIGN_STYLE = Automatic;
				CURRENT_PROJECT_VERSION = 1;
				DEVELOPMENT_TEAM = A5ZTP6V3DV;
				GENERATE_INFOPLIST_FILE = YES;
				INFOPLIST_FILE = MarvelRx/Info.plist;
				INFOPLIST_KEY_UIApplicationSupportsIndirectInputEvents = YES;
				INFOPLIST_KEY_UILaunchStoryboardName = LaunchScreen;
				INFOPLIST_KEY_UISupportedInterfaceOrientations_iPad = "UIInterfaceOrientationPortrait UIInterfaceOrientationPortraitUpsideDown UIInterfaceOrientationLandscapeLeft UIInterfaceOrientationLandscapeRight";
				INFOPLIST_KEY_UISupportedInterfaceOrientations_iPhone = "UIInterfaceOrientationPortrait UIInterfaceOrientationLandscapeLeft UIInterfaceOrientationLandscapeRight";
				IPHONEOS_DEPLOYMENT_TARGET = 13.0;
				LD_RUNPATH_SEARCH_PATHS = (
					"$(inherited)",
					"@executable_path/Frameworks",
				);
				MARKETING_VERSION = 1.0;
				PRODUCT_BUNDLE_IDENTIFIER = ios.com.MarvelRx;
				PRODUCT_NAME = "$(TARGET_NAME)";
				SWIFT_EMIT_LOC_STRINGS = YES;
				SWIFT_VERSION = 5.0;
				TARGETED_DEVICE_FAMILY = 1;
			};
			name = Release;
		};
		BB7BCCD22758F9120049338E /* Debug */ = {
			isa = XCBuildConfiguration;
			baseConfigurationReference = 677DE89B83C064844581C9DA /* Pods-MarvelRxTests.debug.xcconfig */;
			buildSettings = {
				ALWAYS_EMBED_SWIFT_STANDARD_LIBRARIES = YES;
				BUNDLE_LOADER = "$(TEST_HOST)";
				CODE_SIGN_STYLE = Automatic;
				CURRENT_PROJECT_VERSION = 1;
				DEVELOPMENT_TEAM = A5ZTP6V3DV;
				GENERATE_INFOPLIST_FILE = YES;
				IPHONEOS_DEPLOYMENT_TARGET = 15.0;
				LD_RUNPATH_SEARCH_PATHS = (
					"$(inherited)",
					"@executable_path/Frameworks",
					"@loader_path/Frameworks",
				);
				MARKETING_VERSION = 1.0;
				PRODUCT_BUNDLE_IDENTIFIER = ios.com.MarvelRxTests;
				PRODUCT_NAME = "$(TARGET_NAME)";
				SWIFT_EMIT_LOC_STRINGS = NO;
				SWIFT_VERSION = 5.0;
				TARGETED_DEVICE_FAMILY = "1,2";
				TEST_HOST = "$(BUILT_PRODUCTS_DIR)/MarvelRx.app/MarvelRx";
			};
			name = Debug;
		};
		BB7BCCD32758F9120049338E /* Release */ = {
			isa = XCBuildConfiguration;
			baseConfigurationReference = 2B22F17345B141DEC61FAED9 /* Pods-MarvelRxTests.release.xcconfig */;
			buildSettings = {
				ALWAYS_EMBED_SWIFT_STANDARD_LIBRARIES = YES;
				BUNDLE_LOADER = "$(TEST_HOST)";
				CODE_SIGN_STYLE = Automatic;
				CURRENT_PROJECT_VERSION = 1;
				DEVELOPMENT_TEAM = A5ZTP6V3DV;
				GENERATE_INFOPLIST_FILE = YES;
				IPHONEOS_DEPLOYMENT_TARGET = 15.0;
				LD_RUNPATH_SEARCH_PATHS = (
					"$(inherited)",
					"@executable_path/Frameworks",
					"@loader_path/Frameworks",
				);
				MARKETING_VERSION = 1.0;
				PRODUCT_BUNDLE_IDENTIFIER = ios.com.MarvelRxTests;
				PRODUCT_NAME = "$(TARGET_NAME)";
				SWIFT_EMIT_LOC_STRINGS = NO;
				SWIFT_VERSION = 5.0;
				TARGETED_DEVICE_FAMILY = "1,2";
				TEST_HOST = "$(BUILT_PRODUCTS_DIR)/MarvelRx.app/MarvelRx";
			};
			name = Release;
		};
		BB7BCCD52758F9120049338E /* Debug */ = {
			isa = XCBuildConfiguration;
			baseConfigurationReference = CFA967178D00A51D18194F40 /* Pods-MarvelRx-MarvelRxUITests.debug.xcconfig */;
			buildSettings = {
				ALWAYS_EMBED_SWIFT_STANDARD_LIBRARIES = YES;
				CODE_SIGN_STYLE = Automatic;
				CURRENT_PROJECT_VERSION = 1;
				DEVELOPMENT_TEAM = A5ZTP6V3DV;
				GENERATE_INFOPLIST_FILE = YES;
				LD_RUNPATH_SEARCH_PATHS = (
					"$(inherited)",
					"@executable_path/Frameworks",
					"@loader_path/Frameworks",
				);
				MARKETING_VERSION = 1.0;
				PRODUCT_BUNDLE_IDENTIFIER = ios.com.MarvelRxUITests;
				PRODUCT_NAME = "$(TARGET_NAME)";
				SWIFT_EMIT_LOC_STRINGS = NO;
				SWIFT_VERSION = 5.0;
				TARGETED_DEVICE_FAMILY = "1,2";
				TEST_TARGET_NAME = MarvelRx;
			};
			name = Debug;
		};
		BB7BCCD62758F9120049338E /* Release */ = {
			isa = XCBuildConfiguration;
			baseConfigurationReference = 03B9FBF9A2B68FD6C70EB878 /* Pods-MarvelRx-MarvelRxUITests.release.xcconfig */;
			buildSettings = {
				ALWAYS_EMBED_SWIFT_STANDARD_LIBRARIES = YES;
				CODE_SIGN_STYLE = Automatic;
				CURRENT_PROJECT_VERSION = 1;
				DEVELOPMENT_TEAM = A5ZTP6V3DV;
				GENERATE_INFOPLIST_FILE = YES;
				LD_RUNPATH_SEARCH_PATHS = (
					"$(inherited)",
					"@executable_path/Frameworks",
					"@loader_path/Frameworks",
				);
				MARKETING_VERSION = 1.0;
				PRODUCT_BUNDLE_IDENTIFIER = ios.com.MarvelRxUITests;
				PRODUCT_NAME = "$(TARGET_NAME)";
				SWIFT_EMIT_LOC_STRINGS = NO;
				SWIFT_VERSION = 5.0;
				TARGETED_DEVICE_FAMILY = "1,2";
				TEST_TARGET_NAME = MarvelRx;
			};
			name = Release;
		};
/* End XCBuildConfiguration section */

/* Begin XCConfigurationList section */
		BB7BCC9F2758F90E0049338E /* Build configuration list for PBXProject "MarvelRx" */ = {
			isa = XCConfigurationList;
			buildConfigurations = (
				BB7BCCCC2758F9120049338E /* Debug */,
				BB7BCCCD2758F9120049338E /* Release */,
			);
			defaultConfigurationIsVisible = 0;
			defaultConfigurationName = Release;
		};
		BB7BCCCE2758F9120049338E /* Build configuration list for PBXNativeTarget "MarvelRx" */ = {
			isa = XCConfigurationList;
			buildConfigurations = (
				BB7BCCCF2758F9120049338E /* Debug */,
				BB7BCCD02758F9120049338E /* Release */,
			);
			defaultConfigurationIsVisible = 0;
			defaultConfigurationName = Release;
		};
		BB7BCCD12758F9120049338E /* Build configuration list for PBXNativeTarget "MarvelRxTests" */ = {
			isa = XCConfigurationList;
			buildConfigurations = (
				BB7BCCD22758F9120049338E /* Debug */,
				BB7BCCD32758F9120049338E /* Release */,
			);
			defaultConfigurationIsVisible = 0;
			defaultConfigurationName = Release;
		};
		BB7BCCD42758F9120049338E /* Build configuration list for PBXNativeTarget "MarvelRxUITests" */ = {
			isa = XCConfigurationList;
			buildConfigurations = (
				BB7BCCD52758F9120049338E /* Debug */,
				BB7BCCD62758F9120049338E /* Release */,
			);
			defaultConfigurationIsVisible = 0;
			defaultConfigurationName = Release;
		};
/* End XCConfigurationList section */
	};
	rootObject = BB7BCC9C2758F90E0049338E /* Project object */;
}
